
Microsoft Visual Studio Solution File, Format Version 12.00
# Visual Studio Version 17
VisualStudioVersion = 17.11.35431.28
MinimumVisualStudioVersion = 10.0.40219.1
Project("{FAE04EC0-301F-11D3-BF4B-00C04F79EFBC}") = "GithabProyecto", "GithabProyecto\GithabProyecto.csproj", "{E3DF80C4-6165-4E23-A6CB-CAFE2D0E7882}"
EndProject
Global
	GlobalSection(SolutionConfigurationPlatforms) = preSolution
		Debug|Any CPU = Debug|Any CPU
		Release|Any CPU = Release|Any CPU
	EndGlobalSection
	GlobalSection(ProjectConfigurationPlatforms) = postSolution
		{E3DF80C4-6165-4E23-A6CB-CAFE2D0E7882}.Debug|Any CPU.ActiveCfg = Debug|Any CPU
		{E3DF80C4-6165-4E23-A6CB-CAFE2D0E7882}.Debug|Any CPU.Build.0 = Debug|Any CPU
		{E3DF80C4-6165-4E23-A6CB-CAFE2D0E7882}.Release|Any CPU.ActiveCfg = Release|Any CPU
		{E3DF80C4-6165-4E23-A6CB-CAFE2D0E7882}.Release|Any CPU.Build.0 = Release|Any CPU
	EndGlobalSection
	GlobalSection(SolutionProperties) = preSolution
		HideSolutionNode = FALSE
	EndGlobalSection
	GlobalSection(ExtensibilityGlobals) = postSolution
		SolutionGuid = {219DE163-B6D6-43A1-88E3-0A0B3A4F8592}
	EndGlobalSection
EndGlobal
